{
  "name": "zod",
  "version": "0.0.0",
  "lockfileVersion": 3,
  "requires": true,
  "packages": {
    "": {
      "dependencies": {
        "@cloudflare/itty-router-openapi": "^0.1.11"
      }
    },
    "node_modules/@cloudflare/itty-router-openapi": {
      "version": "0.1.11",
      "resolved": "https://registry.npmjs.org/@cloudflare/itty-router-openapi/-/itty-router-openapi-0.1.11.tgz",
      "integrity": "sha512-bmeUFBKmm90b+4BCOCQ+lXqVHvRzN9Mf2p2/DV2plMZnsnlxr4xGiWPsfVfacJ0f6VzFqPA8zqxfB9du+0y6cg==",
      "dependencies": {
        "itty-router": "^4.0.13"
      }
    },
    "node_modules/itty-router": {
      "version": "4.0.14",
      "resolved": "https://registry.npmjs.org/itty-router/-/itty-router-4.0.14.tgz",
      "integrity": "sha512-s8DfaLkQp+E3kBhjwto3Z91ozulotCLAmlS8AIr230NqwFJssiGIoewo1P+CEkZ3YrzghS9k/RVvmMlvKQxueQ=="
    }
  }
}
